{
    "_readme": [
        "This file locks the dependencies of your project to a known state",
        "Read more about it at https://getcomposer.org/doc/01-basic-usage.md#installing-dependencies",
        "This file is @generated automatically"
    ],
    "content-hash": "ecfc7776810305a1a8d3951095dcd6d9",
    "packages": [
        {
            "name": "leafs/anchor",
            "version": "v1.5.0",
            "source": {
                "type": "git",
                "url": "https://github.com/leafsphp/anchor.git",
                "reference": "debc228afd63d46d94d0c1d02629c2d912ecb4ee"
            },
            "dist": {
                "type": "zip",
                "url": "https://api.github.com/repos/leafsphp/anchor/zipball/debc228afd63d46d94d0c1d02629c2d912ecb4ee",
                "reference": "debc228afd63d46d94d0c1d02629c2d912ecb4ee",
                "shasum": ""
            },
            "require-dev": {
                "pestphp/pest": "^1.21"
            },
            "type": "library",
            "autoload": {
                "psr-4": {
                    "Leaf\\": "src"
                }
            },
            "notification-url": "https://packagist.org/downloads/",
            "license": [
                "MIT"
            ],
            "authors": [
                {
                    "name": "Michael Darko",
                    "email": "mickdd22@gmail.com",
                    "homepage": "https://mychi.netlify.app",
                    "role": "Developer"
                }
            ],
            "description": "Leaf PHP util module",
            "homepage": "https://leafphp.netlify.app/#/",
            "keywords": [
                "framework",
                "leaf",
                "php",
                "util"
            ],
            "support": {
                "issues": "https://github.com/leafsphp/anchor/issues",
                "source": "https://github.com/leafsphp/anchor/tree/v1.5.0"
            },
            "funding": [
                {
                    "url": "https://github.com/leafsphp",
                    "type": "github"
                },
                {
                    "url": "https://opencollective.com/leaf",
                    "type": "open_collective"
                }
            ],
            "time": "2023-07-09T00:51:55+00:00"
        },
        {
            "name": "leafs/auth",
            "version": "v2.4",
            "source": {
                "type": "git",
                "url": "https://github.com/leafsphp/auth.git",
                "reference": "115dca27e3e95e2bff2aea4ff785942cb089c617"
            },
            "dist": {
                "type": "zip",
                "url": "https://api.github.com/repos/leafsphp/auth/zipball/115dca27e3e95e2bff2aea4ff785942cb089c617",
                "reference": "115dca27e3e95e2bff2aea4ff785942cb089c617",
                "shasum": ""
            },
            "require": {
                "leafs/date": "*",
                "leafs/db": "*",
                "leafs/form": "*",
                "leafs/http": "*",
                "leafs/password": "*",
                "leafs/session": "*"
            },
            "require-dev": {
                "leafs/alchemy": "^1.0",
                "pestphp/pest": "^1.0 | ^2.0"
            },
            "type": "library",
            "autoload": {
                "files": [
                    "src/functions.php"
                ],
                "psr-4": {
                    "Leaf\\": "src"
                }
            },
            "notification-url": "https://packagist.org/downloads/",
            "license": [
                "MIT"
            ],
            "authors": [
                {
                    "name": "Michael Darko",
                    "email": "mickdd22@gmail.com",
                    "homepage": "https://mychi.netlify.app",
                    "role": "Developer"
                }
            ],
            "description": "Leaf PHP auth helper",
            "homepage": "https://leafphp.netlify.app/#/",
            "keywords": [
                "Authentication",
                "framework",
                "leaf",
                "login",
                "php",
                "register",
                "simple auth"
            ],
            "support": {
                "issues": "https://github.com/leafsphp/auth/issues",
                "source": "https://github.com/leafsphp/auth/tree/v2.4"
            },
            "funding": [
                {
                    "url": "https://github.com/leafsphp",
                    "type": "github"
                },
                {
                    "url": "https://opencollective.com/leaf",
                    "type": "open_collective"
                }
            ],
            "time": "2024-08-17T05:19:28+00:00"
        },
        {
            "name": "leafs/date",
            "version": "v2.1",
            "source": {
                "type": "git",
                "url": "https://github.com/leafsphp/date.git",
                "reference": "9f12bc13cec85ee3f015667d9f9e7913e94dd4ad"
            },
            "dist": {
                "type": "zip",
                "url": "https://api.github.com/repos/leafsphp/date/zipball/9f12bc13cec85ee3f015667d9f9e7913e94dd4ad",
                "reference": "9f12bc13cec85ee3f015667d9f9e7913e94dd4ad",
                "shasum": ""
            },
            "require-dev": {
                "friendsofphp/php-cs-fixer": "^3.14",
                "leafs/alchemy": "^1.0"
            },
            "type": "library",
            "autoload": {
                "files": [
                    "src/functions.php"
                ],
                "psr-4": {
                    "Leaf\\": "src"
                }
            },
            "notification-url": "https://packagist.org/downloads/",
            "license": [
                "MIT"
            ],
            "authors": [
                {
                    "name": "Michael Darko",
                    "email": "mickdd22@gmail.com",
                    "homepage": "https://mychi.netlify.app",
                    "role": "Developer"
                }
            ],
            "description": "Leaf PHP date module",
            "homepage": "https://leafphp.netlify.app/#/",
            "keywords": [
                "date",
                "datetime",
                "framework",
                "leaf",
                "php",
                "time"
            ],
            "support": {
                "issues": "https://github.com/leafsphp/date/issues",
                "source": "https://github.com/leafsphp/date/tree/v2.1"
            },
            "funding": [
                {
                    "url": "https://github.com/leafsphp",
                    "type": "github"
                },
                {
                    "url": "https://opencollective.com/leaf",
                    "type": "open_collective"
                }
            ],
            "time": "2024-08-17T05:18:39+00:00"
        },
        {
            "name": "leafs/db",
            "version": "v2.2",
            "source": {
                "type": "git",
                "url": "https://github.com/leafsphp/db.git",
                "reference": "2602273eac1f114ae2c15bd2f3ed9a0a44165ccf"
            },
            "dist": {
                "type": "zip",
                "url": "https://api.github.com/repos/leafsphp/db/zipball/2602273eac1f114ae2c15bd2f3ed9a0a44165ccf",
                "reference": "2602273eac1f114ae2c15bd2f3ed9a0a44165ccf",
                "shasum": ""
            },
            "require-dev": {
                "friendsofphp/php-cs-fixer": "^3.14",
                "leafs/alchemy": "^1.0",
                "pestphp/pest": "^1.21"
            },
            "type": "library",
            "autoload": {
                "files": [
                    "src/functions.php"
                ],
                "psr-4": {
                    "Leaf\\": "src"
                }
            },
            "notification-url": "https://packagist.org/downloads/",
            "license": [
                "MIT"
            ],
            "authors": [
                {
                    "name": "Michael Darko",
                    "email": "mickdd22@gmail.com",
                    "homepage": "https://mychi.netlify.app",
                    "role": "Developer"
                }
            ],
            "description": "Leaf PHP db module.",
            "homepage": "https://leafphp.dev/modules/db/",
            "keywords": [
                "database",
                "framework",
                "leaf",
                "orm",
                "php"
            ],
            "support": {
                "issues": "https://github.com/leafsphp/db/issues",
                "source": "https://github.com/leafsphp/db/tree/v2.2"
            },
            "funding": [
                {
                    "url": "https://github.com/leafsphp",
                    "type": "github"
                },
                {
                    "url": "https://opencollective.com/leaf",
                    "type": "open_collective"
                }
            ],
            "time": "2024-08-24T22:29:20+00:00"
        },
        {
            "name": "leafs/exception",
            "version": "v3.4",
            "source": {
                "type": "git",
                "url": "https://github.com/leafsphp/exceptions.git",
                "reference": "74ba10351944d3503f268e111be58308d16d51eb"
            },
            "dist": {
                "type": "zip",
                "url": "https://api.github.com/repos/leafsphp/exceptions/zipball/74ba10351944d3503f268e111be58308d16d51eb",
                "reference": "74ba10351944d3503f268e111be58308d16d51eb",
                "shasum": ""
            },
            "require": {
                "php": "^5.5.9 || ^7.0 || ^8.0",
                "psr/log": "^1.0.1 || ^2.0 || ^3.0"
            },
            "require-dev": {
                "mockery/mockery": "^0.9 || ^1.0",
                "phpunit/phpunit": "^4.8.36 || ^5.7.27 || ^6.5.14 || ^7.5.20 || ^8.5.8 || ^9.3.3",
                "symfony/var-dumper": "^2.6 || ^3.0 || ^4.0 || ^5.0"
            },
            "suggest": {
                "symfony/var-dumper": "Pretty print complex values better with var-dumper available",
                "whoops/soap": "Formats errors as SOAP responses"
            },
            "type": "library",
            "autoload": {
                "psr-4": {
                    "Leaf\\": "src"
                }
            },
            "notification-url": "https://packagist.org/downloads/",
            "license": [
                "MIT"
            ],
            "authors": [
                {
                    "name": "Filipe Dobreira",
                    "homepage": "https://github.com/filp",
                    "role": "Developer"
                },
                {
                    "name": "Michael Darko",
                    "email": "mickdd22@gmail.com",
                    "homepage": "https://mychi.netlify.app",
                    "role": "Developer"
                }
            ],
            "description": "Error handler for leaf (fork of whoops)",
            "homepage": "https://github.com/leafsphp/exception",
            "keywords": [
                "error",
                "exception",
                "handling",
                "library",
                "throwable",
                "whoops"
            ],
            "support": {
                "source": "https://github.com/leafsphp/exceptions/tree/v3.4"
            },
            "funding": [
                {
                    "url": "https://github.com/denis-sokolov",
                    "type": "github"
                }
            ],
            "time": "2024-08-23T12:20:17+00:00"
        },
        {
            "name": "leafs/form",
            "version": "v2.2",
            "source": {
                "type": "git",
                "url": "https://github.com/leafsphp/form.git",
                "reference": "8fb270adcc536dcbb7e0dbf282bbecd43faa69af"
            },
            "dist": {
                "type": "zip",
                "url": "https://api.github.com/repos/leafsphp/form/zipball/8fb270adcc536dcbb7e0dbf282bbecd43faa69af",
                "reference": "8fb270adcc536dcbb7e0dbf282bbecd43faa69af",
                "shasum": ""
            },
            "require": {
                "ext-json": "*"
            },
            "require-dev": {
                "friendsofphp/php-cs-fixer": "^3.0",
                "pestphp/pest": "^1.22"
            },
            "type": "library",
            "autoload": {
                "files": [
                    "src/functions.php"
                ],
                "psr-4": {
                    "Leaf\\": "src"
                }
            },
            "notification-url": "https://packagist.org/downloads/",
            "license": [
                "MIT"
            ],
            "authors": [
                {
                    "name": "Michael Darko",
                    "email": "mickdd22@gmail.com",
                    "homepage": "https://mychi.netlify.app",
                    "role": "Developer"
                }
            ],
            "description": "Simple straightup data validation",
            "homepage": "https://leafphp.dev/modules/forms/",
            "keywords": [
                "form",
                "framework",
                "leaf",
                "php",
                "validation"
            ],
            "support": {
                "issues": "https://github.com/leafsphp/form/issues",
                "source": "https://github.com/leafsphp/form/tree/v2.2"
            },
            "funding": [
                {
                    "url": "https://github.com/leafsphp",
                    "type": "github"
                },
                {
                    "url": "https://opencollective.com/leaf",
                    "type": "open_collective"
                }
            ],
            "time": "2024-08-25T01:52:17+00:00"
        },
        {
            "name": "leafs/fs",
            "version": "v1.3.0",
            "source": {
                "type": "git",
                "url": "https://github.com/leafsphp/fs.git",
                "reference": "9ce15e17db85f70f90a673b3cb8309f939423abc"
            },
            "dist": {
                "type": "zip",
                "url": "https://api.github.com/repos/leafsphp/fs/zipball/9ce15e17db85f70f90a673b3cb8309f939423abc",
                "reference": "9ce15e17db85f70f90a673b3cb8309f939423abc",
                "shasum": ""
            },
            "require": {
                "symfony/finder": "^5.3|^6.0"
            },
            "require-dev": {
                "pestphp/pest": "^1.21"
            },
            "type": "library",
            "autoload": {
                "psr-4": {
                    "Leaf\\": "src"
                }
            },
            "notification-url": "https://packagist.org/downloads/",
            "license": [
                "MIT"
            ],
            "authors": [
                {
                    "name": "Michael Darko",
                    "email": "mickdd22@gmail.com",
                    "homepage": "https://mychi.netlify.app",
                    "role": "Developer"
                }
            ],
            "description": "Leaf PHP session + flash modules",
            "homepage": "https://leafphp.netlify.app/#/",
            "keywords": [
                "files",
                "filesystem",
                "framework",
                "fs",
                "leaf",
                "php"
            ],
            "support": {
                "issues": "https://github.com/leafsphp/fs/issues",
                "source": "https://github.com/leafsphp/fs/tree/v1.3.0"
            },
            "funding": [
                {
                    "url": "https://github.com/leafsphp",
                    "type": "github"
                },
                {
                    "url": "https://opencollective.com/leaf",
                    "type": "open_collective"
                }
            ],
            "time": "2024-08-17T05:01:25+00:00"
        },
        {
            "name": "leafs/http",
            "version": "v2.5",
            "source": {
                "type": "git",
                "url": "https://github.com/leafsphp/http.git",
                "reference": "8f3b9d47cb40f3aa8d3d71d4f848c05b12638544"
            },
            "dist": {
                "type": "zip",
                "url": "https://api.github.com/repos/leafsphp/http/zipball/8f3b9d47cb40f3aa8d3d71d4f848c05b12638544",
                "reference": "8f3b9d47cb40f3aa8d3d71d4f848c05b12638544",
                "shasum": ""
            },
            "require": {
                "leafs/anchor": "*",
                "leafs/form": "*",
                "leafs/fs": "*"
            },
            "type": "library",
            "autoload": {
                "files": [
                    "src/functions.php"
                ],
                "psr-4": {
                    "Leaf\\Http\\": "src"
                }
            },
            "notification-url": "https://packagist.org/downloads/",
            "license": [
                "MIT"
            ],
            "authors": [
                {
                    "name": "Michael Darko",
                    "email": "mickdd22@gmail.com",
                    "homepage": "https://mychi.netlify.app",
                    "role": "Developer"
                }
            ],
            "description": "Http abstraction for Leaf PHP",
            "homepage": "https://leafphp.dev/modules/http/v/2/request.html",
            "keywords": [
                "framework",
                "headers",
                "http",
                "leaf",
                "php",
                "request",
                "response"
            ],
            "support": {
                "issues": "https://github.com/leafsphp/http/issues",
                "source": "https://github.com/leafsphp/http/tree/v2.5"
            },
            "funding": [
                {
                    "url": "https://github.com/leafsphp",
                    "type": "github"
                },
                {
                    "url": "https://opencollective.com/leaf",
                    "type": "open_collective"
                }
            ],
            "time": "2024-08-24T21:08:39+00:00"
        },
        {
            "name": "leafs/leaf",
            "version": "v3.6",
            "source": {
                "type": "git",
                "url": "https://github.com/leafsphp/leaf.git",
                "reference": "ebbb7e059500019af9c617a88bf3516d2ea9e03f"
            },
            "dist": {
                "type": "zip",
                "url": "https://api.github.com/repos/leafsphp/leaf/zipball/ebbb7e059500019af9c617a88bf3516d2ea9e03f",
                "reference": "ebbb7e059500019af9c617a88bf3516d2ea9e03f",
                "shasum": ""
            },
            "require": {
                "ext-json": "*",
                "ext-zip": "*",
                "leafs/anchor": "*",
                "leafs/exception": "*",
                "leafs/http": "*",
                "leafs/router": "*",
                "php": "^7.4|^8.0"
            },
            "require-dev": {
                "friendsofphp/php-cs-fixer": "^3.0",
                "pestphp/pest": "^1.21"
            },
            "type": "library",
            "autoload": {
                "files": [
                    "src/functions.php"
                ],
                "psr-4": {
                    "Leaf\\": "src"
                }
            },
            "notification-url": "https://packagist.org/downloads/",
            "license": [
                "MIT"
            ],
            "authors": [
                {
                    "name": "Michael Darko",
                    "email": "mickdd22@gmail.com",
                    "homepage": "https://mychi.netlify.app",
                    "role": "Developer"
                }
            ],
            "description": "Simple, performant and powerful PHP micro-framework for rapid web app & API development",
            "homepage": "https://leafphp.dev",
            "keywords": [
                "framework",
                "leaf",
                "microframework",
                "php",
                "rest",
                "router"
            ],
            "support": {
                "issues": "https://github.com/leafsphp/leaf/issues",
                "source": "https://github.com/leafsphp/leaf/tree/v3.6"
            },
            "funding": [
                {
                    "url": "https://github.com/leafsphp",
                    "type": "github"
                },
                {
                    "url": "https://opencollective.com/leaf",
                    "type": "open_collective"
                }
            ],
            "time": "2024-08-19T18:13:58+00:00"
        },
        {
            "name": "leafs/password",
            "version": "v1.0",
            "source": {
                "type": "git",
                "url": "https://github.com/leafsphp/password.git",
                "reference": "f720c3b18c6c6efeaeb67d1cfad336febd4c7f94"
            },
            "dist": {
                "type": "zip",
                "url": "https://api.github.com/repos/leafsphp/password/zipball/f720c3b18c6c6efeaeb67d1cfad336febd4c7f94",
                "reference": "f720c3b18c6c6efeaeb67d1cfad336febd4c7f94",
                "shasum": ""
            },
            "type": "library",
            "autoload": {
                "psr-4": {
                    "Leaf\\Helpers\\": "src"
                }
            },
            "notification-url": "https://packagist.org/downloads/",
            "license": [
                "MIT"
            ],
            "authors": [
                {
                    "name": "Michael Darko",
                    "email": "mickdd22@gmail.com",
                    "homepage": "https://mychi.netlify.app",
                    "role": "Developer"
                }
            ],
            "description": "Leaf PHP password helper",
            "homepage": "https://leafphp.netlify.app/#/",
            "keywords": [
                "framework",
                "leaf",
                "php",
                "simple templating",
                "template",
                "view"
            ],
            "support": {
                "issues": "https://github.com/leafsphp/password/issues",
                "source": "https://github.com/leafsphp/password/tree/v1.0"
            },
            "funding": [
                {
                    "url": "https://opencollective.com/leaf",
                    "type": "open_collective"
                }
            ],
            "time": "2021-09-19T12:27:19+00:00"
        },
        {
            "name": "leafs/router",
            "version": "v0.3.0",
            "source": {
                "type": "git",
                "url": "https://github.com/leafsphp/router.git",
                "reference": "dc3744718289975145bced2aa5c5f3e8ca022f19"
            },
            "dist": {
                "type": "zip",
                "url": "https://api.github.com/repos/leafsphp/router/zipball/dc3744718289975145bced2aa5c5f3e8ca022f19",
                "reference": "dc3744718289975145bced2aa5c5f3e8ca022f19",
                "shasum": ""
            },
            "require": {
                "leafs/anchor": "*",
                "leafs/http": "*"
            },
            "require-dev": {
                "pestphp/pest": "^1.21"
            },
            "type": "library",
            "autoload": {
                "psr-4": {
                    "Leaf\\": "src"
                }
            },
            "notification-url": "https://packagist.org/downloads/",
            "license": [
                "MIT"
            ],
            "authors": [
                {
                    "name": "Michael Darko",
                    "email": "mickdd22@gmail.com",
                    "homepage": "https://mychi.netlify.app",
                    "role": "Developer"
                }
            ],
            "description": "Leaf router module for Leaf PHP.",
            "homepage": "https://leafphp.netlify.app/#/modules/router",
            "keywords": [
                "framework",
                "leaf",
                "php",
                "rest",
                "router"
            ],
            "support": {
                "issues": "https://github.com/leafsphp/router/issues",
                "source": "https://github.com/leafsphp/router/tree/v0.3.0"
            },
            "funding": [
                {
                    "url": "https://github.com/leafsphp",
                    "type": "github"
                },
                {
                    "url": "https://opencollective.com/leaf",
                    "type": "open_collective"
                }
            ],
            "time": "2023-07-22T11:51:55+00:00"
        },
        {
            "name": "leafs/session",
            "version": "v2.2",
            "source": {
                "type": "git",
                "url": "https://github.com/leafsphp/session.git",
                "reference": "380227b221943445cdf024ddfc9661372b470a58"
            },
            "dist": {
                "type": "zip",
                "url": "https://api.github.com/repos/leafsphp/session/zipball/380227b221943445cdf024ddfc9661372b470a58",
                "reference": "380227b221943445cdf024ddfc9661372b470a58",
                "shasum": ""
            },
            "require": {
                "leafs/anchor": "*"
            },
            "require-dev": {
                "friendsofphp/php-cs-fixer": "^3.0",
                "pestphp/pest": "^1.21"
            },
            "type": "library",
            "autoload": {
                "files": [
                    "src/functions.php"
                ],
                "psr-4": {
                    "Leaf\\": "src"
                }
            },
            "notification-url": "https://packagist.org/downloads/",
            "license": [
                "MIT"
            ],
            "authors": [
                {
                    "name": "Michael Darko",
                    "email": "mickdd22@gmail.com",
                    "homepage": "https://mychi.netlify.app",
                    "role": "Developer"
                }
            ],
            "description": "Leaf PHP session + flash modules",
            "homepage": "https://leafphp.dev/modules/session/",
            "keywords": [
                "flash",
                "framework",
                "http",
                "leaf",
                "php",
                "session"
            ],
            "support": {
                "issues": "https://github.com/leafsphp/session/issues",
                "source": "https://github.com/leafsphp/session/tree/v2.2"
            },
            "funding": [
                {
                    "url": "https://github.com/leafsphp",
                    "type": "github"
                },
                {
                    "url": "https://opencollective.com/leaf",
                    "type": "open_collective"
                }
            ],
            "time": "2024-08-17T05:51:54+00:00"
        },
        {
            "name": "psr/log",
            "version": "3.0.2",
            "source": {
                "type": "git",
                "url": "https://github.com/php-fig/log.git",
                "reference": "f16e1d5863e37f8d8c2a01719f5b34baa2b714d3"
            },
            "dist": {
                "type": "zip",
                "url": "https://api.github.com/repos/php-fig/log/zipball/f16e1d5863e37f8d8c2a01719f5b34baa2b714d3",
                "reference": "f16e1d5863e37f8d8c2a01719f5b34baa2b714d3",
                "shasum": ""
            },
            "require": {
                "php": ">=8.0.0"
            },
            "type": "library",
            "extra": {
                "branch-alias": {
                    "dev-master": "3.x-dev"
                }
            },
            "autoload": {
                "psr-4": {
                    "Psr\\Log\\": "src"
                }
            },
            "notification-url": "https://packagist.org/downloads/",
            "license": [
                "MIT"
            ],
            "authors": [
                {
                    "name": "PHP-FIG",
                    "homepage": "https://www.php-fig.org/"
                }
            ],
            "description": "Common interface for logging libraries",
            "homepage": "https://github.com/php-fig/log",
            "keywords": [
                "log",
                "psr",
                "psr-3"
            ],
            "support": {
                "source": "https://github.com/php-fig/log/tree/3.0.2"
            },
            "time": "2024-09-11T13:17:53+00:00"
        },
        {
            "name": "symfony/finder",
            "version": "v6.4.11",
            "source": {
                "type": "git",
                "url": "https://github.com/symfony/finder.git",
                "reference": "d7eb6daf8cd7e9ac4976e9576b32042ef7253453"
            },
            "dist": {
                "type": "zip",
                "url": "https://api.github.com/repos/symfony/finder/zipball/d7eb6daf8cd7e9ac4976e9576b32042ef7253453",
                "reference": "d7eb6daf8cd7e9ac4976e9576b32042ef7253453",
                "shasum": ""
            },
            "require": {
                "php": ">=8.1"
            },
            "require-dev": {
                "symfony/filesystem": "^6.0|^7.0"
            },
            "type": "library",
            "autoload": {
                "psr-4": {
                    "Symfony\\Component\\Finder\\": ""
                },
                "exclude-from-classmap": [
                    "/Tests/"
                ]
            },
            "notification-url": "https://packagist.org/downloads/",
            "license": [
                "MIT"
            ],
            "authors": [
                {
                    "name": "Fabien Potencier",
                    "email": "fabien@symfony.com"
                },
                {
                    "name": "Symfony Community",
                    "homepage": "https://symfony.com/contributors"
                }
            ],
            "description": "Finds files and directories via an intuitive fluent interface",
            "homepage": "https://symfony.com",
            "support": {
                "source": "https://github.com/symfony/finder/tree/v6.4.11"
            },
            "funding": [
                {
                    "url": "https://symfony.com/sponsor",
                    "type": "custom"
                },
                {
                    "url": "https://github.com/fabpot",
                    "type": "github"
                },
                {
                    "url": "https://tidelift.com/funding/github/packagist/symfony/symfony",
                    "type": "tidelift"
                }
            ],
            "time": "2024-08-13T14:27:37+00:00"
        }
    ],
    "packages-dev": [],
    "aliases": [],
    "minimum-stability": "stable",
    "stability-flags": [],
    "prefer-stable": false,
    "prefer-lowest": false,
    "platform": [],
    "platform-dev": [],
    "plugin-api-version": "2.6.0"
}
